
Microsoft Visual Studio Solution File, Format Version 12.00
# Visual Studio 15
VisualStudioVersion = 15.0.27703.2042
MinimumVisualStudioVersion = 10.0.40219.1
Project("{888888A0-9F3D-457C-B088-3A5042F75D52}") = "dmp", "dmp.pyproj", "{B47EB3D6-0B5B-419E-AEA3-B915C643E5F2}"
EndProject
Global
	GlobalSection(SolutionConfigurationPlatforms) = preSolution
		Debug|Any CPU = Debug|Any CPU
		Release|Any CPU = Release|Any CPU
	EndGlobalSection
	GlobalSection(ProjectConfigurationPlatforms) = postSolution
		{B47EB3D6-0B5B-419E-AEA3-B915C643E5F2}.Debug|Any CPU.ActiveCfg = Debug|Any CPU
		{B47EB3D6-0B5B-419E-AEA3-B915C643E5F2}.Release|Any CPU.ActiveCfg = Release|Any CPU
	EndGlobalSection
	GlobalSection(SolutionProperties) = preSolution
		HideSolutionNode = FALSE
	EndGlobalSection
	GlobalSection(ExtensibilityGlobals) = postSolution
		SolutionGuid = {57E8E66D-2BC1-4088-976F-D3FC7B97617F}
	EndGlobalSection
EndGlobal
